{
  "name": "@tsonic/globals",
  "version": "10.0.46",
  "lockfileVersion": 3,
  "requires": true,
  "packages": {
    "": {
      "name": "@tsonic/globals",
      "version": "10.0.46",
      "license": "MIT",
      "dependencies": {
        "@tsonic/core": "10.0.46"
      },
      "devDependencies": {
        "typescript": "5.9.3"
      }
    },
    "node_modules/@tsonic/core": {
      "version": "10.0.46",
      "resolved": "https://registry.npmjs.org/@tsonic/core/-/core-10.0.46.tgz",
      "integrity": "sha512-I4EgVmm6Ll/8ugv0DIONNZl7MNR8bx6SwBosPJkXFHnFK3QFsb2Yv3msh80tKNI8HRjCtrJOLGzzW5McgK4kZg==",
      "license": "MIT",
      "peerDependencies": {
        "@tsonic/dotnet": "10.0.46"
      }
    },
    "node_modules/@tsonic/dotnet": {
      "version": "10.0.46",
      "resolved": "https://registry.npmjs.org/@tsonic/dotnet/-/dotnet-10.0.46.tgz",
      "integrity": "sha512-1ytuD/6qe+2wemWG/uQtyJvtFGb7nWZiTLeaQNRrC9zFFhfA+ovx0QEI/A7rYaHGvFS3Ct55Wf00gtHt7Ml3oA==",
      "license": "MIT",
      "peer": true,
      "peerDependencies": {
        "@tsonic/core": "10.0.46"
      }
    },
    "node_modules/typescript": {
      "version": "5.9.3",
      "resolved": "https://registry.npmjs.org/typescript/-/typescript-5.9.3.tgz",
      "integrity": "sha512-jl1vZzPDinLr9eUt3J/t7V6FgNEw9QjvBPdysz9KfQDD41fQrC2Y4vKQdiaUpFT4bXlb1RHhLpp8wtm6M5TgSw==",
      "dev": true,
      "license": "Apache-2.0",
      "bin": {
        "tsc": "bin/tsc",
        "tsserver": "bin/tsserver"
      },
      "engines": {
        "node": ">=14.17"
      }
    }
  }
}
